hash: 1c58d8b003906ea91312087d2ead3623023896fd15883bbd1c407d48944afb76
updated: 2018-11-14T23:17:27.55247+01:00
imports:
- name: cloud.google.com/go
  version: b51c7c77b284667595b0567874753b5fc7d84955
  subpackages:
  - compute/metadata
- name: github.com/agext/levenshtein
  version: 5f10fee965225ac1eecdc234c09daf5cd9e7f7b6
- name: github.com/apparentlymart/go-cidr
  version: 1755c023625ec3a84979b90841a1ab067ed6c071
  subpackages:
  - cidr
- name: github.com/apparentlymart/go-textseg
  version: fb01f485ebef760e5ee06d55e1b07534dda2d295
  subpackages:
  - textseg
- name: github.com/armon/go-radix
  version: 1a2de0c21c94309923825da3df33a4381872c795
- name: github.com/aws/aws-sdk-go
  version: fa9217848bf00ff03c3c097e9c109cbe833ea130
  subpackages:
  - aws
  - aws/arn
  - aws/awserr
  - aws/awsutil
  - aws/client
  - aws/client/metadata
  - aws/corehandlers
  - aws/credentials
  - aws/credentials/ec2rolecreds
  - aws/credentials/endpointcreds
  - aws/credentials/stscreds
  - aws/csm
  - aws/defaults
  - aws/ec2metadata
  - aws/endpoints
  - aws/request
  - aws/session
  - aws/signer/v4
  - internal/ini
  - internal/s3err
  - internal/sdkio
  - internal/sdkrand
  - internal/sdkuri
  - internal/shareddefaults
  - private/protocol
  - private/protocol/ec2query
  - private/protocol/eventstream
  - private/protocol/eventstream/eventstreamapi
  - private/protocol/json/jsonutil
  - private/protocol/jsonrpc
  - private/protocol/query
  - private/protocol/query/queryutil
  - private/protocol/rest
  - private/protocol/restjson
  - private/protocol/restxml
  - private/protocol/xml/xmlutil
  - private/signer/v2
  - service/acm
  - service/acmpca
  - service/apigateway
  - service/applicationautoscaling
  - service/appsync
  - service/athena
  - service/autoscaling
  - service/batch
  - service/budgets
  - service/cloud9
  - service/cloudformation
  - service/cloudfront
  - service/cloudhsmv2
  - service/cloudtrail
  - service/cloudwatch
  - service/cloudwatchevents
  - service/cloudwatchlogs
  - service/codebuild
  - service/codecommit
  - service/codedeploy
  - service/codepipeline
  - service/cognitoidentity
  - service/cognitoidentityprovider
  - service/configservice
  - service/databasemigrationservice
  - service/dax
  - service/devicefarm
  - service/directconnect
  - service/directoryservice
  - service/dlm
  - service/dynamodb
  - service/ec2
  - service/ecr
  - service/ecs
  - service/efs
  - service/eks
  - service/elasticache
  - service/elasticbeanstalk
  - service/elasticsearchservice
  - service/elastictranscoder
  - service/elb
  - service/elbv2
  - service/emr
  - service/firehose
  - service/fms
  - service/gamelift
  - service/glacier
  - service/glue
  - service/guardduty
  - service/iam
  - service/inspector
  - service/iot
  - service/kinesis
  - service/kinesisanalytics
  - service/kms
  - service/lambda
  - service/lexmodelbuildingservice
  - service/lightsail
  - service/macie
  - service/mediastore
  - service/mq
  - service/neptune
  - service/opsworks
  - service/organizations
  - service/pinpoint
  - service/pricing
  - service/rds
  - service/redshift
  - service/route53
  - service/s3
  - service/secretsmanager
  - service/servicecatalog
  - service/servicediscovery
  - service/ses
  - service/sfn
  - service/simpledb
  - service/sns
  - service/sqs
  - service/ssm
  - service/storagegateway
  - service/sts
  - service/swf
  - service/waf
  - service/wafregional
  - service/workspaces
- name: github.com/beevik/etree
  version: f2d93441e64237d24d3ea1091f8a20762026b8c0
- name: github.com/bgentry/go-netrc
  version: 9fd32a8b3d3d3f9d43c341bfe098430e07609480
  subpackages:
  - netrc
- name: github.com/bgentry/speakeasy
  version: 4aabc24848ce5fd31929f7d1e4ea74d3709c14cd
- name: github.com/blang/semver
  version: 3c1074078d32d767e08ab2c8564867292da86926
- name: github.com/coreos/etcd
  version: ee9dcbca0d89dc563c9e6bc725fab0c6f21d689b
  subpackages:
  - client
- name: github.com/coreos/go-semver
  version: e214231b295a8ea9479f11b70b35d5acf3556d9b
  subpackages:
  - semver
- name: github.com/davecgh/go-spew
  version: d8f796af33cc11cb798c1aaeb27a4ebc5099927d
  subpackages:
  - spew
- name: github.com/fatih/color
  version: 3f9d52f7176a6927daacff70a3e8d1dc2025c53e
- name: github.com/golang/protobuf
  version: 951a149f90371fb8858c6c979d03bb2583611052
  subpackages:
  - proto
- name: github.com/golang/snappy
  version: 2e65f85255dbc3072edf28d6b5b8efc472979f5a
- name: github.com/google/go-cmp
  version: 745b8ec8378318d64f3f04949d010ee8d2fc71e2
  subpackages:
  - cmp
  - cmp/internal/diff
  - cmp/internal/function
  - cmp/internal/value
- name: github.com/hashicorp/errwrap
  version: 8a6fb523712970c966eefc6b39ed2c5e74880354
- name: github.com/hashicorp/go-cleanhttp
  version: e8ab9daed8d1ddd2d3c4efba338fe2eeae2e4f18
- name: github.com/hashicorp/go-getter
  version: 7ee49f69de937ddc17eb72bc669c020b33c364d4
  subpackages:
  - helper/url
- name: github.com/hashicorp/go-multierror
  version: 886a7fbe3eb1c874d46f623bfa70af45f425b3d1
- name: github.com/hashicorp/go-safetemp
  version: c9a55de4fe06c920a71964b53cfe3dd293a3c743
- name: github.com/hashicorp/go-uuid
  version: de160f5c59f693fed329e73e291bb751fe4ea4dc
- name: github.com/hashicorp/go-version
  version: b5a281d3160aa11950a6182bd9a9dc2cb1e02d50
- name: github.com/hashicorp/hcl
  version: 65a6292f0157eff210d03ed1bf6c59b190b8b906
  subpackages:
  - hcl/ast
  - hcl/parser
  - hcl/scanner
  - hcl/strconv
  - hcl/token
  - json/parser
  - json/scanner
  - json/token
- name: github.com/hashicorp/hcl2
  version: 0467c0c38ca2d4197a5180c45fc29baf80dad0a0
  subpackages:
  - ext/typeexpr
  - gohcl
  - hcl
  - hcl/hclsyntax
  - hcl/json
  - hcldec
  - hclparse
  - hclwrite
- name: github.com/hashicorp/hil
  version: fa9f258a92500514cc8e9c67020487709df92432
  subpackages:
  - ast
  - parser
  - scanner
- name: github.com/hashicorp/logutils
  version: a335183dfd075f638afcc820c90591ca3c97eba6
- name: github.com/hashicorp/terraform
  version: 17850e9a55d33c43d7c31fd6ac122ba97a51d899
  subpackages:
  - backend
  - backend/remote-state/s3
  - command/clistate
  - config
  - config/configschema
  - config/hcl2shim
  - config/module
  - configs
  - dag
  - flatmap
  - helper/config
  - helper/customdiff
  - helper/encryption
  - helper/hashcode
  - helper/hilmapstructure
  - helper/logging
  - helper/mutexkv
  - helper/pathorcontents
  - helper/resource
  - helper/schema
  - helper/slowmessage
  - helper/structure
  - helper/validation
  - httpclient
  - moduledeps
  - plugin/discovery
  - registry
  - registry/regsrc
  - registry/response
  - state
  - state/remote
  - svchost
  - svchost/auth
  - svchost/disco
  - terraform
  - tfdiags
  - version
- name: github.com/hashicorp/vault
  version: 3c42b15260de8b94388ed2296fc18e89ea80c4c9
  subpackages:
  - helper/compressutil
  - helper/jsonutil
  - helper/pgpkeys
- name: github.com/jen20/awspolicyequivalence
  version: 9ebbf3c225b2b9da629263e13c3015a5de7965d1
- name: github.com/jmespath/go-jmespath
  version: c2b33e8439af944379acbdd9c3a5fe0bc44bd8a5
- name: github.com/keybase/go-crypto
  version: f919bfda4fc10acaf5347685a9f22ea48d8db04c
  subpackages:
  - brainpool
  - cast5
  - curve25519
  - ed25519
  - ed25519/internal/edwards25519
  - openpgp
  - openpgp/armor
  - openpgp/ecdh
  - openpgp/elgamal
  - openpgp/errors
  - openpgp/packet
  - openpgp/s2k
  - rsa
- name: github.com/lusis/go-artifactory
  version: a47f63f234b2a2c87e52d7f1c72a9a7f87bd7880
  subpackages:
  - src/artifactory.v401
- name: github.com/mattn/go-colorable
  version: efa589957cd060542a26d2dd7832fd6a6c6c3ade
- name: github.com/mattn/go-isatty
  version: 3fb116b820352b7f0c281308a4d6250c22d94e27
- name: github.com/mitchellh/cli
  version: 3d22a244be8aa6fb16ac24af0e195c08b7d973aa
- name: github.com/mitchellh/colorstring
  version: 8631ce90f28644f54aeedcb3e389a85174e067d1
- name: github.com/mitchellh/copystructure
  version: 9a1b6f44e8da0e0e374624fb0a825a231b00c537
- name: github.com/mitchellh/go-homedir
  version: ae18d6b8b3205b561c79e8e5f69bff09736185f4
- name: github.com/mitchellh/go-testing-interface
  version: 6d0b8010fcc857872e42fc6c931227569016843c
- name: github.com/mitchellh/go-wordwrap
  version: 9e67c67572bc5dd02aef930e2b0ae3c02a4b5a5c
- name: github.com/mitchellh/hashstructure
  version: a38c50148365edc8df43c1580c48fb2b3a1e9cd7
- name: github.com/mitchellh/mapstructure
  version: 3536a929edddb9a5b34bd6861dc4a9647cb459fe
- name: github.com/mitchellh/reflectwalk
  version: eecee6c969c02c8cc2ae48e1e269843ae8590796
- name: github.com/pierrec/lz4
  version: 623b5a2f4d2a41e411730dcdfbfdaeb5c0c4564e
  subpackages:
  - internal/xxh32
- name: github.com/posener/complete
  version: 3ef9b31a6a0613ae832e7ecf208374027c3b2343
  subpackages:
  - cmd
  - cmd/install
  - match
- name: github.com/spf13/afero
  version: d40851caa0d747393da1ffb28f7f9d8b4eeffebd
  subpackages:
  - mem
- name: github.com/terraform-providers/terraform-provider-aws
  version: e0d408272c1151f79147886a198f6b1115a4df12
  subpackages:
  - aws
- name: github.com/ugorji/go
  version: e5e69e061d4f7ee3a69b793cf9c1b41afe21918e
  subpackages:
  - codec
- name: github.com/ulikunitz/xz
  version: 590df8077fbcb06ad62d7714da06c00e5dd2316d
  subpackages:
  - internal/hash
  - internal/xlog
  - lzma
- name: github.com/zclconf/go-cty
  version: 01c5aba823a6c91fe3bc287fd6e493ca717a64b8
  subpackages:
  - cty
  - cty/convert
  - cty/function
  - cty/function/stdlib
  - cty/gocty
  - cty/json
  - cty/set
- name: go.etcd.io/etcd
  version: ee9dcbca0d89dc563c9e6bc725fab0c6f21d689b
  subpackages:
  - pkg/pathutil
  - pkg/srv
  - pkg/types
  - version
- name: golang.org/x/crypto
  version: 3d3f9f413869b949e48070b5bc593aa22cc2b8f2
  subpackages:
  - bcrypt
  - blowfish
  - cast5
  - openpgp
  - openpgp/armor
  - openpgp/elgamal
  - openpgp/errors
  - openpgp/packet
  - openpgp/s2k
- name: golang.org/x/net
  version: adae6a3d119ae4890b46832a2e88a95adc62b8e7
  subpackages:
  - context
  - context/ctxhttp
  - html
  - html/atom
  - idna
- name: golang.org/x/oauth2
  version: f42d05182288abf10faef86d16c0d07b8d40ea2d
  subpackages:
  - google
  - internal
  - jws
  - jwt
- name: golang.org/x/sys
  version: 66b7b1311ac80bbafcd2daeef9a5e6e2cd1e2399
  subpackages:
  - unix
- name: golang.org/x/text
  version: 6f44c5a2ea40ee3593d98cdcc905cc1fdaa660e2
  subpackages:
  - secure/bidirule
  - transform
  - unicode/bidi
  - unicode/norm
- name: google.golang.org/api
  version: c5e41677a12edeac5437ebceb220505ec6b90669
  subpackages:
  - gensupport
  - googleapi
  - googleapi/internal/uritemplates
  - storage/v1
- name: google.golang.org/appengine
  version: 4a4468ece617fc8205e99368fa2200e9d1fad421
  subpackages:
  - internal
  - internal/app_identity
  - internal/base
  - internal/datastore
  - internal/log
  - internal/modules
  - internal/remote_api
  - internal/urlfetch
  - urlfetch
- name: gopkg.in/yaml.v2
  version: 5420a8b6744d3b0345ab293f6fcba19c978f1183
testImports: []
