# This file is autogenerated, do not edit; changes may be undone by the next 'dep ensure'.


[[projects]]
  digest = "1:2a9bb06f4bb795b22f4f73e0eeb3aa781c3a2278148ea8e60cc9b61a8cea2a10"
  name = "cloud.google.com/go"
  packages = [
    "compute/metadata",
    "iam",
    "internal",
    "internal/optional",
    "internal/trace",
    "internal/version",
    "storage",
  ]
  pruneopts = ""
  revision = "458e1f376a2b44413160b5d301183b65debaa3f6"
  version = "v0.37.2"

[[projects]]
  digest = "1:468d935967df2cd2b9f51544969a2ec74e12df58b71e3a81f3ac477e77364527"
  name = "contrib.go.opencensus.io/exporter/ocagent"
  packages = ["."]
  pruneopts = ""
  revision = "bc69a60230000ba2fe80ce3aba578b8cc6ec7587"
  version = "v0.4.11"

[[projects]]
  digest = "1:b78a107fb3cc5d155061e379f96a83d30b1f03985feb4e5510c2079b047f32e3"
  name = "github.com/Azure/azure-sdk-for-go"
  packages = [
    "arm/storage",
    "storage",
  ]
  pruneopts = ""
  revision = "2d1d76c9013c4feb6695a2346f0e66ea0ef77aa6"
  version = "v11.3.0-beta"

[[projects]]
  digest = "1:7a7efd979188df5487e935a6dfa0f48e6feee656b132f14347cfa54373e4324a"
  name = "github.com/Azure/go-autorest"
  packages = [
    "autorest",
    "autorest/adal",
    "autorest/azure",
    "autorest/date",
    "autorest/validation",
    "logger",
    "tracing",
  ]
  pruneopts = ""
  revision = "3b1641ed03046f2ee28d73f7a51e5b884d55b92a"
  version = "v11.7.0"

[[projects]]
  digest = "1:3f4b3ca543b7a4b8eae73385bb1478b52015c22fe473816d9e5819e8a6833a42"
  name = "github.com/Unknwon/com"
  packages = ["."]
  pruneopts = ""
  revision = "41959bdd855fb7db467f78865d5f9044507df1cd"
  version = "v2"

[[projects]]
  digest = "1:3c753679736345f50125ae993e0a2614da126859921ea7faeecda6d217501ce2"
  name = "github.com/agext/levenshtein"
  packages = ["."]
  pruneopts = ""
  revision = "0ded9c86537917af2ff89bc9c78de6bd58477894"
  version = "v1.2.2"

[[projects]]
  digest = "1:61b332fe3705f6309641695e2796582953eae64fdcc21c42701e5ebfde4b4c5f"
  name = "github.com/apparentlymart/go-cidr"
  packages = ["cidr"]
  pruneopts = ""
  revision = "b1115bf8e14a60131a196f908223e4506b0ddc35"
  version = "v1.0.0"

[[projects]]
  digest = "1:88582b880b0505525e5df57a02651688aecd489c7919f8a642d9a092e282d24a"
  name = "github.com/apparentlymart/go-textseg"
  packages = ["textseg"]
  pruneopts = ""
  revision = "fb01f485ebef760e5ee06d55e1b07534dda2d295"
  version = "v1.0.0"

[[projects]]
  branch = "master"
  digest = "1:0a776e52fa4deb432e3c382436ed79c2e20fb6fd02061782c11e3e3a58b86d78"
  name = "github.com/armon/go-metrics"
  packages = ["."]
  pruneopts = ""
  revision = "f0300d1749da6fa982027e449ec0c7a145510c3c"

[[projects]]
  digest = "1:5680f8c40e48f07cb77aece3165a866aaf8276305258b3b70db8ec7ad6ddb78d"
  name = "github.com/armon/go-radix"
  packages = ["."]
  pruneopts = ""
  revision = "1a2de0c21c94309923825da3df33a4381872c795"
  version = "v1.0.0"

[[projects]]
  digest = "1:2f245539121de543cc8a58318712d83da09bb559f61921c1df6c598f07ceff30"
  name = "github.com/aws/aws-sdk-go"
  packages = [
    "aws",
    "aws/arn",
    "aws/awserr",
    "aws/awsutil",
    "aws/client",
    "aws/client/metadata",
    "aws/corehandlers",
    "aws/credentials",
    "aws/credentials/ec2rolecreds",
    "aws/credentials/endpointcreds",
    "aws/credentials/processcreds",
    "aws/credentials/stscreds",
    "aws/crr",
    "aws/csm",
    "aws/defaults",
    "aws/ec2metadata",
    "aws/endpoints",
    "aws/request",
    "aws/session",
    "aws/signer/v4",
    "internal/ini",
    "internal/s3err",
    "internal/sdkio",
    "internal/sdkrand",
    "internal/sdkuri",
    "internal/shareddefaults",
    "private/protocol",
    "private/protocol/ec2query",
    "private/protocol/eventstream",
    "private/protocol/eventstream/eventstreamapi",
    "private/protocol/json/jsonutil",
    "private/protocol/jsonrpc",
    "private/protocol/query",
    "private/protocol/query/queryutil",
    "private/protocol/rest",
    "private/protocol/restjson",
    "private/protocol/restxml",
    "private/protocol/xml/xmlutil",
    "private/signer/v2",
    "service/acm",
    "service/acmpca",
    "service/apigateway",
    "service/applicationautoscaling",
    "service/appsync",
    "service/athena",
    "service/autoscaling",
    "service/batch",
    "service/budgets",
    "service/cloud9",
    "service/cloudformation",
    "service/cloudfront",
    "service/cloudtrail",
    "service/cloudwatch",
    "service/cloudwatchevents",
    "service/cloudwatchlogs",
    "service/codebuild",
    "service/codecommit",
    "service/codedeploy",
    "service/codepipeline",
    "service/cognitoidentity",
    "service/cognitoidentityprovider",
    "service/configservice",
    "service/databasemigrationservice",
    "service/dax",
    "service/devicefarm",
    "service/directconnect",
    "service/directoryservice",
    "service/dynamodb",
    "service/ec2",
    "service/ecr",
    "service/ecs",
    "service/efs",
    "service/eks",
    "service/elasticache",
    "service/elasticbeanstalk",
    "service/elasticsearchservice",
    "service/elastictranscoder",
    "service/elb",
    "service/elbv2",
    "service/emr",
    "service/firehose",
    "service/fms",
    "service/gamelift",
    "service/glacier",
    "service/glue",
    "service/guardduty",
    "service/iam",
    "service/inspector",
    "service/iot",
    "service/kinesis",
    "service/kms",
    "service/lambda",
    "service/lexmodelbuildingservice",
    "service/lightsail",
    "service/mediastore",
    "service/mq",
    "service/neptune",
    "service/opsworks",
    "service/organizations",
    "service/rds",
    "service/redshift",
    "service/route53",
    "service/s3",
    "service/secretsmanager",
    "service/servicecatalog",
    "service/servicediscovery",
    "service/ses",
    "service/sfn",
    "service/simpledb",
    "service/sns",
    "service/sqs",
    "service/ssm",
    "service/sts",
    "service/waf",
    "service/wafregional",
  ]
  pruneopts = ""
  revision = "6ff66bb2b8ac90ac25b1dbbf9806f09651630789"
  version = "v1.17.12"

[[projects]]
  digest = "1:b1f2b4b8773b94d2546774cea6b944518ea9b238c8962d66d3d6d8e2d0052900"
  name = "github.com/beevik/etree"
  packages = ["."]
  pruneopts = ""
  revision = "8aee6516be3b1163bb6450c35c50e4969e3a3aa8"
  version = "v1.1.0"

[[projects]]
  branch = "master"
  digest = "1:98e84060475ed245c3b355042afd43a74aa7d32efe50658f4f995977916f9fc3"
  name = "github.com/bgentry/go-netrc"
  packages = ["netrc"]
  pruneopts = ""
  revision = "9fd32a8b3d3d3f9d43c341bfe098430e07609480"

[[projects]]
  digest = "1:15ceb8ca7a71db4c426d8aef1909ea074f6840efa163490bb2798f475624e4ae"
  name = "github.com/bgentry/speakeasy"
  packages = ["."]
  pruneopts = ""
  revision = "4aabc24848ce5fd31929f7d1e4ea74d3709c14cd"
  version = "v0.1.0"

[[projects]]
  digest = "1:79421244ba5848aae4b0a5c41e633a04e4894cb0b164a219dc8c15ec7facb7f1"
  name = "github.com/blang/semver"
  packages = ["."]
  pruneopts = ""
  revision = "2ee87856327ba09384cabd113bc6b5d174e9ec0f"
  version = "v3.5.1"

[[projects]]
  digest = "1:10139b9c841acd336ceff02e8a85e0c558dee738b2277bb24d61d9d3c90ef1f2"
  name = "github.com/census-instrumentation/opencensus-proto"
  packages = [
    "gen-go/agent/common/v1",
    "gen-go/agent/metrics/v1",
    "gen-go/agent/trace/v1",
    "gen-go/metrics/v1",
    "gen-go/resource/v1",
    "gen-go/trace/v1",
  ]
  pruneopts = ""
  revision = "a105b96453fe85139acc07b68de48f2cbdd71249"
  version = "v0.2.0"

[[projects]]
  digest = "1:0bc9fe59e23786a6d5f5b65d2676904d29aafcc79fa9fca4472fe0d15ee15656"
  name = "github.com/coreos/etcd"
  packages = [
    "auth/authpb",
    "client",
    "clientv3",
    "clientv3/concurrency",
    "etcdserver/api/v3rpc/rpctypes",
    "etcdserver/etcdserverpb",
    "mvcc/mvccpb",
    "pkg/pathutil",
    "pkg/srv",
    "pkg/tlsutil",
    "pkg/transport",
    "pkg/types",
    "version",
  ]
  pruneopts = ""
  revision = "d57e8b8d97adfc4a6c224fe116714bf1a1f3beb9"
  version = "v3.3.12"

[[projects]]
  digest = "1:3c3f68ebab415344aef64363d23471e953a4715645115604aaf57923ae904f5e"
  name = "github.com/coreos/go-semver"
  packages = ["semver"]
  pruneopts = ""
  revision = "8ab6407b697782a06568d4b7f1db25550ec2e4c6"
  version = "v0.2.0"

[[projects]]
  digest = "1:0deddd908b6b4b768cfc272c16ee61e7088a60f7fe2f06c547bd3d8e1f8b8e77"
  name = "github.com/davecgh/go-spew"
  packages = ["spew"]
  pruneopts = ""
  revision = "8991bc29aa16c548c550c7ff78260e27b9ab7c73"
  version = "v1.1.1"

[[projects]]
  digest = "1:6098222470fe0172157ce9bbef5d2200df4edde17ee649c5d6e48330e4afa4c6"
  name = "github.com/dgrijalva/jwt-go"
  packages = ["."]
  pruneopts = ""
  revision = "06ea1031745cb8b3dab3f6a236daf2b0aa468b7e"
  version = "v3.2.0"

[[projects]]
  digest = "1:e988ed0ca0d81f4d28772760c02ee95084961311291bdfefc1b04617c178b722"
  name = "github.com/fatih/color"
  packages = ["."]
  pruneopts = ""
  revision = "5b77d2a35fb0ede96d138fc9a99f5c9b6aef11b4"
  version = "v1.7.0"

[[projects]]
  digest = "1:fd53b471edb4c28c7d297f617f4da0d33402755f58d6301e7ca1197ef0a90937"
  name = "github.com/gogo/protobuf"
  packages = [
    "gogoproto",
    "proto",
    "protoc-gen-gogo/descriptor",
  ]
  pruneopts = ""
  revision = "ba06b47c162d49f2af050fb4c75bcbc86a159d5c"
  version = "v1.2.1"

[[projects]]
  digest = "1:529d738b7976c3848cae5cf3a8036440166835e389c1f617af701eeb12a0518d"
  name = "github.com/golang/protobuf"
  packages = [
    "jsonpb",
    "proto",
    "protoc-gen-go/descriptor",
    "protoc-gen-go/generator",
    "protoc-gen-go/generator/internal/remap",
    "protoc-gen-go/plugin",
    "ptypes",
    "ptypes/any",
    "ptypes/duration",
    "ptypes/struct",
    "ptypes/timestamp",
    "ptypes/wrappers",
  ]
  pruneopts = ""
  revision = "b5d812f8a3706043e23a9cd5babf2e5423744d30"
  version = "v1.3.1"

[[projects]]
  digest = "1:6a6322a15aa8e99bd156fbba0aae4e5d67b4bb05251d860b348a45dfdcba9cce"
  name = "github.com/golang/snappy"
  packages = ["."]
  pruneopts = ""
  revision = "2a8bb927dd31d8daada140a5d09578521ce5c36a"
  version = "v0.0.1"

[[projects]]
  digest = "1:f9f45f75f332e03fc7e9fe9188ea4e1ce4d14779ef34fa1b023da67518e36327"
  name = "github.com/google/go-cmp"
  packages = [
    "cmp",
    "cmp/internal/diff",
    "cmp/internal/function",
    "cmp/internal/value",
  ]
  pruneopts = ""
  revision = "3af367b6b30c263d47e8895973edcca9a49cf029"
  version = "v0.2.0"

[[projects]]
  digest = "1:cea4aa2038169ee558bf507d5ea02c94ca85bcca28a4c7bb99fd59b31e43a686"
  name = "github.com/google/go-querystring"
  packages = ["query"]
  pruneopts = ""
  revision = "44c6ddd0a2342c386950e880b658017258da92fc"
  version = "v1.0.0"

[[projects]]
  digest = "1:b2f6f3029f88fb385269d36d2e7ec8c6082ec40b4572f99ced9032b0b166df6e"
  name = "github.com/googleapis/gax-go"
  packages = ["v2"]
  pruneopts = ""
  revision = "beaecbbdd8af86aa3acf14180d53828ce69400b2"
  version = "v2.0.4"

[[projects]]
  branch = "master"
  digest = "1:6653020ceb32818a04ae0c396f317961ea6fae70c6f055a832ddf1af7915546d"
  name = "github.com/gophercloud/gophercloud"
  packages = [
    ".",
    "internal",
    "openstack",
    "openstack/blockstorage/extensions/volumeactions",
    "openstack/blockstorage/v1/volumes",
    "openstack/blockstorage/v2/snapshots",
    "openstack/blockstorage/v2/volumes",
    "openstack/blockstorage/v3/snapshots",
    "openstack/blockstorage/v3/volumes",
    "openstack/compute/v2/extensions/attachinterfaces",
    "openstack/compute/v2/extensions/availabilityzones",
    "openstack/compute/v2/extensions/bootfromvolume",
    "openstack/compute/v2/extensions/floatingips",
    "openstack/compute/v2/extensions/keypairs",
    "openstack/compute/v2/extensions/schedulerhints",
    "openstack/compute/v2/extensions/secgroups",
    "openstack/compute/v2/extensions/servergroups",
    "openstack/compute/v2/extensions/startstop",
    "openstack/compute/v2/extensions/tenantnetworks",
    "openstack/compute/v2/extensions/volumeattach",
    "openstack/compute/v2/flavors",
    "openstack/compute/v2/images",
    "openstack/compute/v2/servers",
    "openstack/containerinfra/v1/clusters",
    "openstack/containerinfra/v1/clustertemplates",
    "openstack/db/v1/configurations",
    "openstack/db/v1/databases",
    "openstack/db/v1/datastores",
    "openstack/db/v1/instances",
    "openstack/db/v1/users",
    "openstack/dns/v2/recordsets",
    "openstack/dns/v2/zones",
    "openstack/identity/v2/tenants",
    "openstack/identity/v2/tokens",
    "openstack/identity/v3/applicationcredentials",
    "openstack/identity/v3/endpoints",
    "openstack/identity/v3/groups",
    "openstack/identity/v3/projects",
    "openstack/identity/v3/roles",
    "openstack/identity/v3/services",
    "openstack/identity/v3/tokens",
    "openstack/identity/v3/users",
    "openstack/imageservice/v2/imagedata",
    "openstack/imageservice/v2/images",
    "openstack/networking/v2/extensions/attributestags",
    "openstack/networking/v2/extensions/dns",
    "openstack/networking/v2/extensions/external",
    "openstack/networking/v2/extensions/extradhcpopts",
    "openstack/networking/v2/extensions/fwaas/firewalls",
    "openstack/networking/v2/extensions/fwaas/policies",
    "openstack/networking/v2/extensions/fwaas/routerinsertion",
    "openstack/networking/v2/extensions/fwaas/rules",
    "openstack/networking/v2/extensions/layer3/addressscopes",
    "openstack/networking/v2/extensions/layer3/floatingips",
    "openstack/networking/v2/extensions/layer3/routers",
    "openstack/networking/v2/extensions/lbaas/members",
    "openstack/networking/v2/extensions/lbaas/monitors",
    "openstack/networking/v2/extensions/lbaas/pools",
    "openstack/networking/v2/extensions/lbaas/vips",
    "openstack/networking/v2/extensions/lbaas_v2/l7policies",
    "openstack/networking/v2/extensions/lbaas_v2/listeners",
    "openstack/networking/v2/extensions/lbaas_v2/loadbalancers",
    "openstack/networking/v2/extensions/lbaas_v2/monitors",
    "openstack/networking/v2/extensions/lbaas_v2/pools",
    "openstack/networking/v2/extensions/mtu",
    "openstack/networking/v2/extensions/portsbinding",
    "openstack/networking/v2/extensions/portsecurity",
    "openstack/networking/v2/extensions/provider",
    "openstack/networking/v2/extensions/security/groups",
    "openstack/networking/v2/extensions/security/rules",
    "openstack/networking/v2/extensions/subnetpools",
    "openstack/networking/v2/extensions/trunks",
    "openstack/networking/v2/extensions/vlantransparent",
    "openstack/networking/v2/extensions/vpnaas/endpointgroups",
    "openstack/networking/v2/extensions/vpnaas/ikepolicies",
    "openstack/networking/v2/extensions/vpnaas/ipsecpolicies",
    "openstack/networking/v2/extensions/vpnaas/services",
    "openstack/networking/v2/extensions/vpnaas/siteconnections",
    "openstack/networking/v2/networks",
    "openstack/networking/v2/ports",
    "openstack/networking/v2/subnets",
    "openstack/objectstorage/v1/accounts",
    "openstack/objectstorage/v1/containers",
    "openstack/objectstorage/v1/objects",
    "openstack/objectstorage/v1/swauth",
    "openstack/sharedfilesystems/apiversions",
    "openstack/sharedfilesystems/v2/availabilityzones",
    "openstack/sharedfilesystems/v2/errors",
    "openstack/sharedfilesystems/v2/messages",
    "openstack/sharedfilesystems/v2/securityservices",
    "openstack/sharedfilesystems/v2/sharenetworks",
    "openstack/sharedfilesystems/v2/shares",
    "openstack/sharedfilesystems/v2/snapshots",
    "openstack/utils",
    "pagination",
  ]
  pruneopts = ""
  revision = "6c61c88383e41a300f10777cebf3b8d31c91b0e3"

[[projects]]
  branch = "master"
  digest = "1:cc99de931f574da0c1b4006e5f326fdc1667d7970a4738f7cdbdd4b9a1951efe"
  name = "github.com/gophercloud/utils"
  packages = ["openstack/clientconfig"]
  pruneopts = ""
  revision = "0bcc8e728cb54c9dce9ed46924688b817ab14f31"

[[projects]]
  digest = "1:6e87163a02e172de60dc68c263b375079f6b08fe81d32611fe12ffadd673b1b8"
  name = "github.com/grpc-ecosystem/grpc-gateway"
  packages = [
    "internal",
    "runtime",
    "utilities",
  ]
  pruneopts = ""
  revision = "20f268a412e5b342ebfb1a0eef7c3b7bd6c260ea"
  version = "v1.8.5"

[[projects]]
  digest = "1:407d8e835f05c358958f8f8e142ca086131c3d90da4c2aa66e4f93c76585a131"
  name = "github.com/hashicorp/consul"
  packages = ["api"]
  pruneopts = ""
  revision = "ea5210a30e154f4da9a4c8e729b45b8ce7b9b92c"
  version = "v1.4.4"

[[projects]]
  digest = "1:8e3bd93036b4a925fe2250d3e4f38f21cadb8ef623561cd80c3c50c114b13201"
  name = "github.com/hashicorp/errwrap"
  packages = ["."]
  pruneopts = ""
  revision = "8a6fb523712970c966eefc6b39ed2c5e74880354"
  version = "v1.0.0"

[[projects]]
  digest = "1:984b627a3c838daa9f4c949ec8e6f049a7021b1156eb4db0337c3a5afe07aada"
  name = "github.com/hashicorp/go-cleanhttp"
  packages = ["."]
  pruneopts = ""
  revision = "eda1e5db218aad1db63ca4642c8906b26bcf2744"
  version = "v0.5.1"

[[projects]]
  digest = "1:eb5877af6bdd79653cd14e2ab5027dd671914fc7e7cf858f5ddddc1f8590690a"
  name = "github.com/hashicorp/go-getter"
  packages = [
    ".",
    "helper/url",
  ]
  pruneopts = ""
  revision = "e1437d0bbb37a1fa61cdb924b034352c823cb89b"
  version = "v1.2.0"

[[projects]]
  digest = "1:c5466dfad4c14bf8e52a34b0eb98f1301acc1e304e0f0ff2c51c356ca1b86747"
  name = "github.com/hashicorp/go-immutable-radix"
  packages = ["."]
  pruneopts = ""
  revision = "27df80928bb34bb1b0d6d0e01b9e679902e7a6b5"
  version = "v1.0.0"

[[projects]]
  digest = "1:72308fdd6d5ef61106a95be7ca72349a5565809042b6426a3cfb61d99483b824"
  name = "github.com/hashicorp/go-multierror"
  packages = ["."]
  pruneopts = ""
  revision = "886a7fbe3eb1c874d46f623bfa70af45f425b3d1"
  version = "v1.0.0"

[[projects]]
  digest = "1:ec05166e7122b65982656b8777c8f6ad346e9ef224f854f4123d62b11183e725"
  name = "github.com/hashicorp/go-retryablehttp"
  packages = ["."]
  pruneopts = ""
  revision = "357460732517ec3b57c05c51443296bdd6df1874"
  version = "v0.5.3"

[[projects]]
  digest = "1:c25fc9af3d03f56e1d8827e6d823dcc3318be2902d8182601cf7538834bb346f"
  name = "github.com/hashicorp/go-rootcerts"
  packages = ["."]
  pruneopts = ""
  revision = "63503fb4e1eca22f9ae0f90b49c5d5538a0e87eb"
  version = "v1.0.0"

[[projects]]
  digest = "1:82f6c9a55c0bd9744064418f049d5232bb8b8cc45eb32e72c0adefaf158a0f9b"
  name = "github.com/hashicorp/go-safetemp"
  packages = ["."]
  pruneopts = ""
  revision = "c9a55de4fe06c920a71964b53cfe3dd293a3c743"
  version = "v1.0.0"

[[projects]]
  digest = "1:417eb822e8bc545f2d94645c6b834fb1bf8dfb5288f0c1c9c6d6b8eaa1b25556"
  name = "github.com/hashicorp/go-slug"
  packages = ["."]
  pruneopts = ""
  revision = "d3fb393c3e270cd56fa17e9600d082ec639e9e8e"
  version = "v0.3.0"

[[projects]]
  digest = "1:ec47c2ecfa8c51c873070415e49761f6ffbade4cf34989ec5e9e3e0c60b37461"
  name = "github.com/hashicorp/go-tfe"
  packages = ["."]
  pruneopts = ""
  revision = "8dc8281216d6bb82c56d4e5a4fa7c0080f5e4bc5"
  version = "v0.3.13"

[[projects]]
  digest = "1:0038a7f43b51c8b2a8cd03b5372e73f8eadfe156484c2ae8185ae836f8ebc2cd"
  name = "github.com/hashicorp/go-uuid"
  packages = ["."]
  pruneopts = ""
  revision = "4f571afc59f3043a65f8fe6bf46d887b10a01d43"
  version = "v1.0.1"

[[projects]]
  digest = "1:b759103c9b4135568253c17d2866064cde398e93764b611caabf5aa8e3059685"
  name = "github.com/hashicorp/go-version"
  packages = ["."]
  pruneopts = ""
  revision = "d40cf49b3a77bba84a7afdbd7f1dc295d114efb1"
  version = "v1.1.0"

[[projects]]
  digest = "1:85f8f8d390a03287a563e215ea6bd0610c858042731a8b42062435a0dcbc485f"
  name = "github.com/hashicorp/golang-lru"
  packages = ["simplelru"]
  pruneopts = ""
  revision = "7087cb70de9f7a8bc0a10c375cb0d2280a8edf9c"
  version = "v0.5.1"

[[projects]]
  digest = "1:d14365c51dd1d34d5c79833ec91413bfbb166be978724f15701e17080dc06dec"
  name = "github.com/hashicorp/hcl"
  packages = [
    ".",
    "hcl/ast",
    "hcl/parser",
    "hcl/scanner",
    "hcl/strconv",
    "hcl/token",
    "json/parser",
    "json/scanner",
    "json/token",
  ]
  pruneopts = ""
  revision = "8cb6e5b959231cc1119e43259c4a608f9c51a241"
  version = "v1.0.0"

[[projects]]
  branch = "master"
  digest = "1:3527445984c93a64a2f0c9470ade1f9ef2b9a45c057fc7d0c37e1be4e53548d5"
  name = "github.com/hashicorp/hcl2"
  packages = [
    "gohcl",
    "hcl",
    "hcl/hclsyntax",
    "hcl/json",
    "hcldec",
    "hclparse",
    "hclwrite",
  ]
  pruneopts = ""
  revision = "8b450a7d58f92d440d1a68555738727908ecc089"

[[projects]]
  branch = "master"
  digest = "1:4eb9db980e91c9eb535317f6bf269878a088537a1f76c0cd15734d70d0744993"
  name = "github.com/hashicorp/hil"
  packages = [
    ".",
    "ast",
    "parser",
    "scanner",
  ]
  pruneopts = ""
  revision = "97b3a9cdfa9349086cfad7ea2fe3165bfe3cbf63"

[[projects]]
  digest = "1:51430c345f48c781f7f43146b574ec498c62c608bfff3715fef4c915d96ed4fc"
  name = "github.com/hashicorp/logutils"
  packages = ["."]
  pruneopts = ""
  revision = "a335183dfd075f638afcc820c90591ca3c97eba6"
  version = "v1.0.0"

[[projects]]
  digest = "1:2dd628a226f3a5ff16360f868114731d2734924eef4a49cb64d0781c6c9c5e7e"
  name = "github.com/hashicorp/serf"
  packages = ["coordinate"]
  pruneopts = ""
  revision = "b89a09ebd4b1b570e0076d5097272e67c10ac4f6"
  version = "v0.8.2"

[[projects]]
  digest = "1:7c74cc77924c9cbd3e124ecb4ae598f2bde6be830c2ef4474f02aba160b14d63"
  name = "github.com/hashicorp/terraform"
  packages = [
    "backend",
    "backend/atlas",
    "backend/local",
    "backend/remote",
    "backend/remote-state/azure",
    "backend/remote-state/consul",
    "backend/remote-state/etcdv3",
    "backend/remote-state/gcs",
    "backend/remote-state/inmem",
    "backend/remote-state/manta",
    "backend/remote-state/s3",
    "backend/remote-state/swift",
    "command/clistate",
    "command/format",
    "config",
    "config/configschema",
    "config/hcl2shim",
    "config/module",
    "dag",
    "flatmap",
    "helper/config",
    "helper/customdiff",
    "helper/encryption",
    "helper/hashcode",
    "helper/hilmapstructure",
    "helper/logging",
    "helper/mutexkv",
    "helper/pathorcontents",
    "helper/resource",
    "helper/schema",
    "helper/slowmessage",
    "helper/structure",
    "helper/validation",
    "httpclient",
    "moduledeps",
    "plugin/discovery",
    "registry",
    "registry/regsrc",
    "registry/response",
    "state",
    "state/remote",
    "svchost",
    "svchost/auth",
    "svchost/disco",
    "terraform",
    "tfdiags",
    "version",
  ]
  pruneopts = ""
  revision = "d48069534832fdb09919a5fe46500755540cbf0a"
  version = "v0.11.13"

[[projects]]
  digest = "1:22e8823a6666d334428545295d019a0e69eef28dd810005e866a411d64b1202d"
  name = "github.com/hashicorp/vault"
  packages = [
    "helper/compressutil",
    "helper/jsonutil",
    "helper/pgpkeys",
  ]
  pruneopts = ""
  revision = "36aa8c8dd1936e10ebd7a4c1d412ae0e6f7900bd"
  version = "v1.1.0"

[[projects]]
  digest = "1:e7d5512ebcc298155d1199bf7aef467583b9e250b125f30aea028408db6fb3a2"
  name = "github.com/jen20/awspolicyequivalence"
  packages = ["."]
  pruneopts = ""
  revision = "9ebbf3c225b2b9da629263e13c3015a5de7965d1"
  version = "v1.0.0"

[[projects]]
  digest = "1:13fe471d0ed891e8544eddfeeb0471fd3c9f2015609a1c000aefdedf52a19d40"
  name = "github.com/jmespath/go-jmespath"
  packages = ["."]
  pruneopts = ""
  revision = "c2b33e84"

[[projects]]
  digest = "1:ab88c599667db3281b4e321c2ebe01fd0c1e680d21a6dfb2ac15379b10acdf13"
  name = "github.com/joyent/triton-go"
  packages = [
    ".",
    "authentication",
    "client",
    "errors",
    "storage",
  ]
  pruneopts = ""
  revision = "456a0793b5f863d7a46f747df443788eaa627654"
  version = "1.3.1"

[[projects]]
  branch = "master"
  digest = "1:24a4e90a5055441c2846056d4a1bfe6e8fe7fd44beb555aa71ae495cf97b4448"
  name = "github.com/keybase/go-crypto"
  packages = [
    "brainpool",
    "cast5",
    "curve25519",
    "ed25519",
    "ed25519/internal/edwards25519",
    "openpgp",
    "openpgp/armor",
    "openpgp/ecdh",
    "openpgp/elgamal",
    "openpgp/errors",
    "openpgp/packet",
    "openpgp/s2k",
    "rsa",
  ]
  pruneopts = ""
  revision = "d65b6b94177fc86b352de754be0aa306de59a759"

[[projects]]
  branch = "master"
  digest = "1:0dc7d3b799197270351acf16c44d8c2ff41a0153889e47f2bde62bab8fbfb61d"
  name = "github.com/lusis/go-artifactory"
  packages = ["src/artifactory.v401"]
  pruneopts = ""
  revision = "a47f63f234b2a2c87e52d7f1c72a9a7f87bd7880"

[[projects]]
  digest = "1:9ea83adf8e96d6304f394d40436f2eb44c1dc3250d223b74088cc253a6cd0a1c"
  name = "github.com/mattn/go-colorable"
  packages = ["."]
  pruneopts = ""
  revision = "167de6bfdfba052fa6b2d3664c8f5272e23c9072"
  version = "v0.0.9"

[[projects]]
  digest = "1:d0600e4cf07697303f37130791b2ce4577367931416bea8ec4f601bde3f7c5bf"
  name = "github.com/mattn/go-isatty"
  packages = ["."]
  pruneopts = ""
  revision = "c2a7a6ca930a4cd0bc33a3f298eb71960732a3a7"
  version = "v0.0.7"

[[projects]]
  digest = "1:bb7613fa9de3f211f6f09630e6c0a493285c1d2a162abf0d617bd522c3dd622a"
  name = "github.com/mitchellh/cli"
  packages = ["."]
  pruneopts = ""
  revision = "3d22a244be8aa6fb16ac24af0e195c08b7d973aa"
  version = "v1.0.0"

[[projects]]
  branch = "master"
  digest = "1:0fd30c0b0f209f48db2464a5d7f3bd52c207818a3948c1772a56768ed09eb731"
  name = "github.com/mitchellh/colorstring"
  packages = ["."]
  pruneopts = ""
  revision = "d06e56a500db4d08c33db0b79461e7c9beafca2d"

[[projects]]
  digest = "1:ddc46aaac89d6465fd0b5fd13ab1931d0ff5c2863937e9fccdbc14c991b50c06"
  name = "github.com/mitchellh/copystructure"
  packages = ["."]
  pruneopts = ""
  revision = "9a1b6f44e8da0e0e374624fb0a825a231b00c537"
  version = "v1.0.0"

[[projects]]
  digest = "1:6dbb0eb72090871f2e58d1e37973fe3cb8c0f45f49459398d3fc740cb30e13bd"
  name = "github.com/mitchellh/go-homedir"
  packages = ["."]
  pruneopts = ""
  revision = "af06845cf3004701891bf4fdb884bfe4920b3727"
  version = "v1.1.0"

[[projects]]
  digest = "1:9adf43f9a17af07a6d587e3b493e2111ad8e07283d5cd58e44e70d23bf6dc644"
  name = "github.com/mitchellh/go-testing-interface"
  packages = ["."]
  pruneopts = ""
  revision = "6d0b8010fcc857872e42fc6c931227569016843c"
  version = "v1.0.0"

[[projects]]
  digest = "1:713b341855f1480e4baca1e7c5434e1d266441340685ecbde32d59bdc065fb3f"
  name = "github.com/mitchellh/go-wordwrap"
  packages = ["."]
  pruneopts = ""
  revision = "9e67c67572bc5dd02aef930e2b0ae3c02a4b5a5c"
  version = "v1.0.0"

[[projects]]
  digest = "1:387d79bfe8a4f0f300a22d65782108a94861eecfe652ffff30e8f91857ad81bb"
  name = "github.com/mitchellh/hashstructure"
  packages = ["."]
  pruneopts = ""
  revision = "a38c50148365edc8df43c1580c48fb2b3a1e9cd7"
  version = "v1.0.0"

[[projects]]
  digest = "1:bcc46a0fbd9e933087bef394871256b5c60269575bb661935874729c65bbbf60"
  name = "github.com/mitchellh/mapstructure"
  packages = ["."]
  pruneopts = ""
  revision = "3536a929edddb9a5b34bd6861dc4a9647cb459fe"
  version = "v1.1.2"

[[projects]]
  digest = "1:5584c8fba4fbaac85a65c9b86320fdfb6fdd5ce86b3f8fd7ddb5082d20567bd3"
  name = "github.com/mitchellh/reflectwalk"
  packages = ["."]
  pruneopts = ""
  revision = "eecee6c969c02c8cc2ae48e1e269843ae8590796"
  version = "v1.0.0"

[[projects]]
  digest = "1:eea52fd418b317ff9afc060cd1697b841f3b22e30df465271c0b6049c479c3b4"
  name = "github.com/pierrec/lz4"
  packages = [
    ".",
    "internal/xxh32",
  ]
  pruneopts = ""
  revision = "315a67e90e415bcdaff33057da191569bf4d8479"
  version = "v2.1.1"

[[projects]]
  branch = "master"
  digest = "1:74a2b27ee09396d4541c12ad3400a53a0288092b807f7232623d10fa365dd31f"
  name = "github.com/pkg/errors"
  packages = ["."]
  pruneopts = ""
  revision = "27936f6d90f9c8e1145f11ed52ffffbfdb9e0af7"

[[projects]]
  digest = "1:1302e261c39c982bc47d6c1802f8a2ec88327da1fb5be8aec08b877028a5240e"
  name = "github.com/posener/complete"
  packages = [
    ".",
    "cmd",
    "cmd/install",
    "match",
  ]
  pruneopts = ""
  revision = "3ef9b31a6a0613ae832e7ecf208374027c3b2343"
  version = "v1.2.1"

[[projects]]
  digest = "1:7f569d906bdd20d906b606415b7d794f798f91a62fcfb6a4daa6d50690fb7a3f"
  name = "github.com/satori/uuid"
  packages = ["."]
  pruneopts = ""
  revision = "f58768cc1a7a7e77a3bd49e98cdd21419399b6a3"
  version = "v1.2.0"

[[projects]]
  digest = "1:ec6c80b25440f994fd5d8c3b8d6593543134e967b56ad52e0dda88e13515a49d"
  name = "github.com/svanharmelen/jsonapi"
  packages = ["."]
  pruneopts = ""
  revision = "46d3ced0434461be12e555852e2f1a9ed382e139"
  version = "1.0.0"

[[projects]]
  digest = "1:d72341677523d65b2ff694cdc74a0b1e7381b77a14c28e6267d64315c2642394"
  name = "github.com/terraform-providers/terraform-provider-aws"
  packages = ["aws"]
  pruneopts = ""
  revision = "ac3f0a38257064303703ec4928d3ec4b6385394d"
  version = "v1.23.0"

[[projects]]
  digest = "1:3b5535318447f9e4ac01f0dbf387eb682d4aed29308d9834574f1bf65550d914"
  name = "github.com/terraform-providers/terraform-provider-openstack"
  packages = ["openstack"]
  pruneopts = ""
  revision = "e320e1e00281be4ef2553cafc5165debe1e8fb21"
  version = "v1.17.0"

[[projects]]
  digest = "1:2e7f653483e51243b6cd6de60ce39bde0d6927d10a3c24295ab0f82cb1efeae2"
  name = "github.com/ugorji/go"
  packages = ["codec"]
  pruneopts = ""
  revision = "b4c50a2b199d93b13dc15e78929cfb23bfdf21ab"
  version = "v1.1.1"

[[projects]]
  digest = "1:cc4c87dc4fa2a87abd2a0901cbd8c0ca10a4a83929d62947de0ad111ab830e01"
  name = "github.com/ulikunitz/xz"
  packages = [
    ".",
    "internal/hash",
    "internal/xlog",
    "lzma",
  ]
  pruneopts = ""
  revision = "6f934d456d51e742b4eeab20d925a827ef22320a"
  version = "v0.5.6"

[[projects]]
  branch = "master"
  digest = "1:0b53839ab3a7b36b98f6079444c9a79d525c3f1ec35a3c3372960766497b9e1b"
  name = "github.com/zclconf/go-cty"
  packages = [
    "cty",
    "cty/convert",
    "cty/function",
    "cty/function/stdlib",
    "cty/gocty",
    "cty/json",
    "cty/set",
  ]
  pruneopts = ""
  revision = "fd76348b9329dc6f3bd4b87a45ae9e5fb72bffbc"

[[projects]]
  digest = "1:785b4eb9fa77cc5290dff2c72c00fb6759c2c82767895f472582f1aae7421cad"
  name = "go.opencensus.io"
  packages = [
    ".",
    "internal",
    "internal/tagencoding",
    "metric/metricdata",
    "metric/metricproducer",
    "plugin/ocgrpc",
    "plugin/ochttp",
    "plugin/ochttp/propagation/b3",
    "plugin/ochttp/propagation/tracecontext",
    "resource",
    "stats",
    "stats/internal",
    "stats/view",
    "tag",
    "trace",
    "trace/internal",
    "trace/propagation",
    "trace/tracestate",
  ]
  pruneopts = ""
  revision = "43463a80402d8447b7fce0d2c58edf1687ff0b58"
  version = "v0.19.3"

[[projects]]
  branch = "master"
  digest = "1:79c9390c9986545f84bdf2600e380c5938c7b27067290514e964367cd4102476"
  name = "golang.org/x/crypto"
  packages = [
    "bcrypt",
    "blowfish",
    "cast5",
    "curve25519",
    "ed25519",
    "ed25519/internal/edwards25519",
    "internal/chacha20",
    "internal/subtle",
    "openpgp",
    "openpgp/armor",
    "openpgp/elgamal",
    "openpgp/errors",
    "openpgp/packet",
    "openpgp/s2k",
    "poly1305",
    "ssh",
    "ssh/agent",
  ]
  pruneopts = ""
  revision = "38d8ce5564a5b71b2e3a00553993f1b9a7ae852f"

[[projects]]
  branch = "master"
  digest = "1:09972eaa1645553c1cf5b0d2b471aa3aef8d9ab88ca45528e131cd32e8572fb9"
  name = "golang.org/x/net"
  packages = [
    "context",
    "context/ctxhttp",
    "html",
    "html/atom",
    "http/httpguts",
    "http2",
    "http2/hpack",
    "idna",
    "internal/timeseries",
    "trace",
  ]
  pruneopts = ""
  revision = "eb5bcb51f2a31c7d5141d810b70815c05d9c9146"

[[projects]]
  branch = "master"
  digest = "1:348696484a568aa816b0aa29d4924afa1a4e5492e29a003eaf365f650a53c7b4"
  name = "golang.org/x/oauth2"
  packages = [
    ".",
    "google",
    "internal",
    "jws",
    "jwt",
  ]
  pruneopts = ""
  revision = "9f3314589c9a9136388751d9adae6b0ed400978a"

[[projects]]
  branch = "master"
  digest = "1:0142c968b74c157abbb0220c05fa2bdde8a3a4509d6134b35ef75d5b58afb721"
  name = "golang.org/x/sync"
  packages = ["semaphore"]
  pruneopts = ""
  revision = "e225da77a7e68af35c70ccbf71af2b83e6acac3c"

[[projects]]
  branch = "master"
  digest = "1:55c52474bb389797ed66db92966e2b9ddc98a25d9d05c8aa55787fe03d4d4084"
  name = "golang.org/x/sys"
  packages = [
    "cpu",
    "unix",
  ]
  pruneopts = ""
  revision = "4b34438f7a67ee5f45cc6132e2bad873a20324e9"

[[projects]]
  digest = "1:5acd3512b047305d49e8763eef7ba423901e85d5dd2fd1e71778a0ea8de10bd4"
  name = "golang.org/x/text"
  packages = [
    "collate",
    "collate/build",
    "internal/colltab",
    "internal/gen",
    "internal/tag",
    "internal/triegen",
    "internal/ucd",
    "language",
    "secure/bidirule",
    "transform",
    "unicode/bidi",
    "unicode/cldr",
    "unicode/norm",
    "unicode/rangetable",
  ]
  pruneopts = ""
  revision = "f21a4dfb5e38f5895301dc265a8def02365cc3d0"
  version = "v0.3.0"

[[projects]]
  branch = "master"
  digest = "1:9522af4be529c108010f95b05f1022cb872f2b9ff8b101080f554245673466e1"
  name = "golang.org/x/time"
  packages = ["rate"]
  pruneopts = ""
  revision = "9d24e82272b4f38b78bc8cff74fa936d31ccd8ef"

[[projects]]
  digest = "1:07f87f26b7fc5f6a7d42cd64e0acb0106c89d50eaae84665c54a42e3647f5271"
  name = "google.golang.org/api"
  packages = [
    "gensupport",
    "googleapi",
    "googleapi/internal/uritemplates",
    "googleapi/transport",
    "internal",
    "iterator",
    "option",
    "storage/v1",
    "support/bundler",
    "transport/http",
    "transport/http/internal/propagation",
  ]
  pruneopts = ""
  revision = "bce707a4d0ea3488942724b3bcc1c8338f38f991"
  version = "v0.3.0"

[[projects]]
  digest = "1:0a6cbf5be24f00105d33c9f6d2f40b8149e0316537a92be1b0d4c761b7ae39fb"
  name = "google.golang.org/appengine"
  packages = [
    ".",
    "internal",
    "internal/app_identity",
    "internal/base",
    "internal/datastore",
    "internal/log",
    "internal/modules",
    "internal/remote_api",
    "internal/urlfetch",
    "urlfetch",
  ]
  pruneopts = ""
  revision = "54a98f90d1c46b7731eb8fb305d2a321c30ef610"
  version = "v1.5.0"

[[projects]]
  branch = "master"
  digest = "1:6cbc03e8d4c5724d6228c88f1402d8cbd0a515561f73f0cecbb72f3d6576ff28"
  name = "google.golang.org/genproto"
  packages = [
    "googleapis/api/annotations",
    "googleapis/api/httpbody",
    "googleapis/iam/v1",
    "googleapis/rpc/code",
    "googleapis/rpc/status",
    "protobuf/field_mask",
  ]
  pruneopts = ""
  revision = "64821d5d210748c883cd2b809589555ae4654203"

[[projects]]
  digest = "1:9e9c6b3804858b1a058ef81027270d307b74f4ddd727d2edff0ca002dd304adb"
  name = "google.golang.org/grpc"
  packages = [
    ".",
    "balancer",
    "balancer/base",
    "balancer/roundrobin",
    "binarylog/grpc_binarylog_v1",
    "codes",
    "connectivity",
    "credentials",
    "credentials/internal",
    "encoding",
    "encoding/proto",
    "grpclog",
    "health/grpc_health_v1",
    "internal",
    "internal/backoff",
    "internal/binarylog",
    "internal/channelz",
    "internal/envconfig",
    "internal/grpcrand",
    "internal/grpcsync",
    "internal/syscall",
    "internal/transport",
    "keepalive",
    "metadata",
    "naming",
    "peer",
    "resolver",
    "resolver/dns",
    "resolver/passthrough",
    "stats",
    "status",
    "tap",
  ]
  pruneopts = ""
  revision = "3507fb8e1a5ad030303c106fef3a47c9fdad16ad"
  version = "v1.19.1"

[[projects]]
  digest = "1:cedccf16b71e86db87a24f8d4c70b0a855872eb967cb906a66b95de56aefbd0d"
  name = "gopkg.in/yaml.v2"
  packages = ["."]
  pruneopts = ""
  revision = "51d6538a90f86fe93ac480b35f37b2be17fef232"
  version = "v2.2.2"

[solve-meta]
  analyzer-name = "dep"
  analyzer-version = 1
  input-imports = [
    "github.com/hashicorp/terraform/backend",
    "github.com/hashicorp/terraform/backend/atlas",
    "github.com/hashicorp/terraform/backend/local",
    "github.com/hashicorp/terraform/backend/remote",
    "github.com/hashicorp/terraform/backend/remote-state/azure",
    "github.com/hashicorp/terraform/backend/remote-state/consul",
    "github.com/hashicorp/terraform/backend/remote-state/etcdv3",
    "github.com/hashicorp/terraform/backend/remote-state/gcs",
    "github.com/hashicorp/terraform/backend/remote-state/inmem",
    "github.com/hashicorp/terraform/backend/remote-state/manta",
    "github.com/hashicorp/terraform/backend/remote-state/s3",
    "github.com/hashicorp/terraform/backend/remote-state/swift",
    "github.com/hashicorp/terraform/config",
    "github.com/hashicorp/terraform/svchost/disco",
    "github.com/hashicorp/terraform/terraform",
  ]
  solver-name = "gps-cdcl"
  solver-version = 1
